// !$*UTF8*$!
{
	archiveVersion = 1;
	classes = {
	};
	objectVersion = 51;
	objects = {

/* Begin PBXBuildFile section */
		0AC10A9BB997DEB18CB8DBAA /* Pods_BestCalculatorTests.framework in Frameworks */ = {isa = PBXBuildFile; fileRef = AB49D2FEEAB92B7624FCE506 /* Pods_BestCalculatorTests.framework */; };
		7B0BFF9B168E4DBCBE20C169 /* Pods_BestCalculator.framework in Frameworks */ = {isa = PBXBuildFile; fileRef = 55FC56081C109144D4252FD6 /* Pods_BestCalculator.framework */; };
		A2657BC926404CF10040FBF6 /* AppDelegate.swift in Sources */ = {isa = PBXBuildFile; fileRef = A2657BC826404CF10040FBF6 /* AppDelegate.swift */; };
		A2657BCB26404CF10040FBF6 /* SceneDelegate.swift in Sources */ = {isa = PBXBuildFile; fileRef = A2657BCA26404CF10040FBF6 /* SceneDelegate.swift */; };
		A2657BD326404CF10040FBF6 /* BestCalculator.xcdatamodeld in Sources */ = {isa = PBXBuildFile; fileRef = A2657BD126404CF10040FBF6 /* BestCalculator.xcdatamodeld */; };
		A2657BD526404CF20040FBF6 /* Assets.xcassets in Resources */ = {isa = PBXBuildFile; fileRef = A2657BD426404CF20040FBF6 /* Assets.xcassets */; };
		A2657BD826404CF20040FBF6 /* LaunchScreen.storyboard in Resources */ = {isa = PBXBuildFile; fileRef = A2657BD626404CF20040FBF6 /* LaunchScreen.storyboard */; };
		A2657BE326404CF30040FBF6 /* BestCalculatorTests.swift in Sources */ = {isa = PBXBuildFile; fileRef = A2657BE226404CF30040FBF6 /* BestCalculatorTests.swift */; };
		A2657BEE26404CF30040FBF6 /* BestCalculatorUITests.swift in Sources */ = {isa = PBXBuildFile; fileRef = A2657BED26404CF30040FBF6 /* BestCalculatorUITests.swift */; };
		A2657BFD26404D360040FBF6 /* HomeViewController.swift in Sources */ = {isa = PBXBuildFile; fileRef = A2657BFC26404D360040FBF6 /* HomeViewController.swift */; };
		A2657BFF26404D3F0040FBF6 /* HomeView.swift in Sources */ = {isa = PBXBuildFile; fileRef = A2657BFE26404D3F0040FBF6 /* HomeView.swift */; };
		A2657C032640B4270040FBF6 /* Extensions.swift in Sources */ = {isa = PBXBuildFile; fileRef = A2657C022640B4270040FBF6 /* Extensions.swift */; };
		A2657C072640B5920040FBF6 /* HomeViewModel.swift in Sources */ = {isa = PBXBuildFile; fileRef = A2657C062640B5920040FBF6 /* HomeViewModel.swift */; };
		CE5290B0EC661DD1329E33B8 /* Pods_BestCalculator_BestCalculatorUITests.framework in Frameworks */ = {isa = PBXBuildFile; fileRef = 21A221F0723E8F3139049986 /* Pods_BestCalculator_BestCalculatorUITests.framework */; };
/* End PBXBuildFile section */

/* Begin PBXContainerItemProxy section */
		A2657BDF26404CF30040FBF6 /* PBXContainerItemProxy */ = {
			isa = PBXContainerItemProxy;
			containerPortal = A2657BBD26404CF10040FBF6 /* Project object */;
			proxyType = 1;
			remoteGlobalIDString = A2657BC426404CF10040FBF6;
			remoteInfo = BestCalculator;
		};
		A2657BEA26404CF30040FBF6 /* PBXContainerItemProxy */ = {
			isa = PBXContainerItemProxy;
			containerPortal = A2657BBD26404CF10040FBF6 /* Project object */;
			proxyType = 1;
			remoteGlobalIDString = A2657BC426404CF10040FBF6;
			remoteInfo = BestCalculator;
		};
/* End PBXContainerItemProxy section */

/* Begin PBXFileReference section */
		013851233CBC6CECDAF0750E /* Pods-BestCalculator-BestCalculatorUITests.debug.xcconfig */ = {isa = PBXFileReference; includeInIndex = 1; lastKnownFileType = text.xcconfig; name = "Pods-BestCalculator-BestCalculatorUITests.debug.xcconfig"; path = "Target Support Files/Pods-BestCalculator-BestCalculatorUITests/Pods-BestCalculator-BestCalculatorUITests.debug.xcconfig"; sourceTree = "<group>"; };
		21A221F0723E8F3139049986 /* Pods_BestCalculator_BestCalculatorUITests.framework */ = {isa = PBXFileReference; explicitFileType = wrapper.framework; includeInIndex = 0; path = Pods_BestCalculator_BestCalculatorUITests.framework; sourceTree = BUILT_PRODUCTS_DIR; };
		55FC56081C109144D4252FD6 /* Pods_BestCalculator.framework */ = {isa = PBXFileReference; explicitFileType = wrapper.framework; includeInIndex = 0; path = Pods_BestCalculator.framework; sourceTree = BUILT_PRODUCTS_DIR; };
		A16F0C2A9AED7A00F275A648 /* Pods-BestCalculator-BestCalculatorUITests.release.xcconfig */ = {isa = PBXFileReference; includeInIndex = 1; lastKnownFileType = text.xcconfig; name = "Pods-BestCalculator-BestCalculatorUITests.release.xcconfig"; path = "Target Support Files/Pods-BestCalculator-BestCalculatorUITests/Pods-BestCalculator-BestCalculatorUITests.release.xcconfig"; sourceTree = "<group>"; };
		A2657BC526404CF10040FBF6 /* BestCalculator.app */ = {isa = PBXFileReference; explicitFileType = wrapper.application; includeInIndex = 0; path = BestCalculator.app; sourceTree = BUILT_PRODUCTS_DIR; };
		A2657BC826404CF10040FBF6 /* AppDelegate.swift */ = {isa = PBXFileReference; lastKnownFileType = sourcecode.swift; path = AppDelegate.swift; sourceTree = "<group>"; };
		A2657BCA26404CF10040FBF6 /* SceneDelegate.swift */ = {isa = PBXFileReference; lastKnownFileType = sourcecode.swift; path = SceneDelegate.swift; sourceTree = "<group>"; };
		A2657BD226404CF10040FBF6 /* BestCalculator.xcdatamodel */ = {isa = PBXFileReference; lastKnownFileType = wrapper.xcdatamodel; path = BestCalculator.xcdatamodel; sourceTree = "<group>"; };
		A2657BD426404CF20040FBF6 /* Assets.xcassets */ = {isa = PBXFileReference; lastKnownFileType = folder.assetcatalog; path = Assets.xcassets; sourceTree = "<group>"; };
		A2657BD726404CF20040FBF6 /* Base */ = {isa = PBXFileReference; lastKnownFileType = file.storyboard; name = Base; path = Base.lproj/LaunchScreen.storyboard; sourceTree = "<group>"; };
		A2657BD926404CF20040FBF6 /* Info.plist */ = {isa = PBXFileReference; lastKnownFileType = text.plist.xml; path = Info.plist; sourceTree = "<group>"; };
		A2657BDE26404CF30040FBF6 /* BestCalculatorTests.xctest */ = {isa = PBXFileReference; explicitFileType = wrapper.cfbundle; includeInIndex = 0; path = BestCalculatorTests.xctest; sourceTree = BUILT_PRODUCTS_DIR; };
		A2657BE226404CF30040FBF6 /* BestCalculatorTests.swift */ = {isa = PBXFileReference; lastKnownFileType = sourcecode.swift; path = BestCalculatorTests.swift; sourceTree = "<group>"; };
		A2657BE426404CF30040FBF6 /* Info.plist */ = {isa = PBXFileReference; lastKnownFileType = text.plist.xml; path = Info.plist; sourceTree = "<group>"; };
		A2657BE926404CF30040FBF6 /* BestCalculatorUITests.xctest */ = {isa = PBXFileReference; explicitFileType = wrapper.cfbundle; includeInIndex = 0; path = BestCalculatorUITests.xctest; sourceTree = BUILT_PRODUCTS_DIR; };
		A2657BED26404CF30040FBF6 /* BestCalculatorUITests.swift */ = {isa = PBXFileReference; lastKnownFileType = sourcecode.swift; path = BestCalculatorUITests.swift; sourceTree = "<group>"; };
		A2657BEF26404CF30040FBF6 /* Info.plist */ = {isa = PBXFileReference; lastKnownFileType = text.plist.xml; path = Info.plist; sourceTree = "<group>"; };
		A2657BFC26404D360040FBF6 /* HomeViewController.swift */ = {isa = PBXFileReference; lastKnownFileType = sourcecode.swift; path = HomeViewController.swift; sourceTree = "<group>"; };
		A2657BFE26404D3F0040FBF6 /* HomeView.swift */ = {isa = PBXFileReference; lastKnownFileType = sourcecode.swift; path = HomeView.swift; sourceTree = "<group>"; };
		A2657C022640B4270040FBF6 /* Extensions.swift */ = {isa = PBXFileReference; lastKnownFileType = sourcecode.swift; path = Extensions.swift; sourceTree = "<group>"; };
		A2657C062640B5920040FBF6 /* HomeViewModel.swift */ = {isa = PBXFileReference; lastKnownFileType = sourcecode.swift; path = HomeViewModel.swift; sourceTree = "<group>"; };
		AB49D2FEEAB92B7624FCE506 /* Pods_BestCalculatorTests.framework */ = {isa = PBXFileReference; explicitFileType = wrapper.framework; includeInIndex = 0; path = Pods_BestCalculatorTests.framework; sourceTree = BUILT_PRODUCTS_DIR; };
		D76BE5EDF56C26ABBCD7C0CA /* Pods-BestCalculator.debug.xcconfig */ = {isa = PBXFileReference; includeInIndex = 1; lastKnownFileType = text.xcconfig; name = "Pods-BestCalculator.debug.xcconfig"; path = "Target Support Files/Pods-BestCalculator/Pods-BestCalculator.debug.xcconfig"; sourceTree = "<group>"; };
		D9EC4A80EFA095601944A38B /* Pods-BestCalculatorTests.release.xcconfig */ = {isa = PBXFileReference; includeInIndex = 1; lastKnownFileType = text.xcconfig; name = "Pods-BestCalculatorTests.release.xcconfig"; path = "Target Support Files/Pods-BestCalculatorTests/Pods-BestCalculatorTests.release.xcconfig"; sourceTree = "<group>"; };
		E7809B847503C6F0C2380264 /* Pods-BestCalculator.release.xcconfig */ = {isa = PBXFileReference; includeInIndex = 1; lastKnownFileType = text.xcconfig; name = "Pods-BestCalculator.release.xcconfig"; path = "Target Support Files/Pods-BestCalculator/Pods-BestCalculator.release.xcconfig"; sourceTree = "<group>"; };
		EDFF73189F86B88ABC915146 /* Pods-BestCalculatorTests.debug.xcconfig */ = {isa = PBXFileReference; includeInIndex = 1; lastKnownFileType = text.xcconfig; name = "Pods-BestCalculatorTests.debug.xcconfig"; path = "Target Support Files/Pods-BestCalculatorTests/Pods-BestCalculatorTests.debug.xcconfig"; sourceTree = "<group>"; };
/* End PBXFileReference section */

/* Begin PBXFrameworksBuildPhase section */
		A2657BC226404CF10040FBF6 /* Frameworks */ = {
			isa = PBXFrameworksBuildPhase;
			buildActionMask = 2147483647;
			files = (
				7B0BFF9B168E4DBCBE20C169 /* Pods_BestCalculator.framework in Frameworks */,
			);
			runOnlyForDeploymentPostprocessing = 0;
		};
		A2657BDB26404CF30040FBF6 /* Frameworks */ = {
			isa = PBXFrameworksBuildPhase;
			buildActionMask = 2147483647;
			files = (
				0AC10A9BB997DEB18CB8DBAA /* Pods_BestCalculatorTests.framework in Frameworks */,
			);
			runOnlyForDeploymentPostprocessing = 0;
		};
		A2657BE626404CF30040FBF6 /* Frameworks */ = {
			isa = PBXFrameworksBuildPhase;
			buildActionMask = 2147483647;
			files = (
				CE5290B0EC661DD1329E33B8 /* Pods_BestCalculator_BestCalculatorUITests.framework in Frameworks */,
			);
			runOnlyForDeploymentPostprocessing = 0;
		};
/* End PBXFrameworksBuildPhase section */

/* Begin PBXGroup section */
		7213923E3E70BCF111623712 /* Frameworks */ = {
			isa = PBXGroup;
			children = (
				55FC56081C109144D4252FD6 /* Pods_BestCalculator.framework */,
				21A221F0723E8F3139049986 /* Pods_BestCalculator_BestCalculatorUITests.framework */,
				AB49D2FEEAB92B7624FCE506 /* Pods_BestCalculatorTests.framework */,
			);
			name = Frameworks;
			sourceTree = "<group>";
		};
		8B1F4D87D910859A1DA202A4 /* Pods */ = {
			isa = PBXGroup;
			children = (
				D76BE5EDF56C26ABBCD7C0CA /* Pods-BestCalculator.debug.xcconfig */,
				E7809B847503C6F0C2380264 /* Pods-BestCalculator.release.xcconfig */,
				013851233CBC6CECDAF0750E /* Pods-BestCalculator-BestCalculatorUITests.debug.xcconfig */,
				A16F0C2A9AED7A00F275A648 /* Pods-BestCalculator-BestCalculatorUITests.release.xcconfig */,
				EDFF73189F86B88ABC915146 /* Pods-BestCalculatorTests.debug.xcconfig */,
				D9EC4A80EFA095601944A38B /* Pods-BestCalculatorTests.release.xcconfig */,
			);
			path = Pods;
			sourceTree = "<group>";
		};
		A2657BBC26404CF10040FBF6 = {
			isa = PBXGroup;
			children = (
				A2657BC726404CF10040FBF6 /* BestCalculator */,
				A2657BE126404CF30040FBF6 /* BestCalculatorTests */,
				A2657BEC26404CF30040FBF6 /* BestCalculatorUITests */,
				A2657BC626404CF10040FBF6 /* Products */,
				8B1F4D87D910859A1DA202A4 /* Pods */,
				7213923E3E70BCF111623712 /* Frameworks */,
			);
			sourceTree = "<group>";
		};
		A2657BC626404CF10040FBF6 /* Products */ = {
			isa = PBXGroup;
			children = (
				A2657BC526404CF10040FBF6 /* BestCalculator.app */,
				A2657BDE26404CF30040FBF6 /* BestCalculatorTests.xctest */,
				A2657BE926404CF30040FBF6 /* BestCalculatorUITests.xctest */,
			);
			name = Products;
			sourceTree = "<group>";
		};
		A2657BC726404CF10040FBF6 /* BestCalculator */ = {
			isa = PBXGroup;
			children = (
				A2657BFB26404D1D0040FBF6 /* Scenes */,
				A2657C012640B4060040FBF6 /* Utils */,
				A2657BC826404CF10040FBF6 /* AppDelegate.swift */,
				A2657BCA26404CF10040FBF6 /* SceneDelegate.swift */,
				A2657BD426404CF20040FBF6 /* Assets.xcassets */,
				A2657BD626404CF20040FBF6 /* LaunchScreen.storyboard */,
				A2657BD926404CF20040FBF6 /* Info.plist */,
				A2657BD126404CF10040FBF6 /* BestCalculator.xcdatamodeld */,
			);
			path = BestCalculator;
			sourceTree = "<group>";
		};
		A2657BE126404CF30040FBF6 /* BestCalculatorTests */ = {
			isa = PBXGroup;
			children = (
				A2657BE226404CF30040FBF6 /* BestCalculatorTests.swift */,
				A2657BE426404CF30040FBF6 /* Info.plist */,
			);
			path = BestCalculatorTests;
			sourceTree = "<group>";
		};
		A2657BEC26404CF30040FBF6 /* BestCalculatorUITests */ = {
			isa = PBXGroup;
			children = (
				A2657BED26404CF30040FBF6 /* BestCalculatorUITests.swift */,
				A2657BEF26404CF30040FBF6 /* Info.plist */,
			);
			path = BestCalculatorUITests;
			sourceTree = "<group>";
		};
		A2657BFB26404D1D0040FBF6 /* Scenes */ = {
			isa = PBXGroup;
			children = (
				A2657C002640A37F0040FBF6 /* Home */,
			);
			path = Scenes;
			sourceTree = "<group>";
		};
		A2657C002640A37F0040FBF6 /* Home */ = {
			isa = PBXGroup;
			children = (
				A2657C042640B5710040FBF6 /* View */,
				A2657C052640B57E0040FBF6 /* ViewModel */,
			);
			path = Home;
			sourceTree = "<group>";
		};
		A2657C012640B4060040FBF6 /* Utils */ = {
			isa = PBXGroup;
			children = (
				A2657C022640B4270040FBF6 /* Extensions.swift */,
			);
			path = Utils;
			sourceTree = "<group>";
		};
		A2657C042640B5710040FBF6 /* View */ = {
			isa = PBXGroup;
			children = (
				A2657BFC26404D360040FBF6 /* HomeViewController.swift */,
				A2657BFE26404D3F0040FBF6 /* HomeView.swift */,
			);
			path = View;
			sourceTree = "<group>";
		};
		A2657C052640B57E0040FBF6 /* ViewModel */ = {
			isa = PBXGroup;
			children = (
				A2657C062640B5920040FBF6 /* HomeViewModel.swift */,
			);
			path = ViewModel;
			sourceTree = "<group>";
		};
/* End PBXGroup section */

/* Begin PBXNativeTarget section */
		A2657BC426404CF10040FBF6 /* BestCalculator */ = {
			isa = PBXNativeTarget;
			buildConfigurationList = A2657BF226404CF30040FBF6 /* Build configuration list for PBXNativeTarget "BestCalculator" */;
			buildPhases = (
				10A826E55A37C85E051831AA /* [CP] Check Pods Manifest.lock */,
				A2657BC126404CF10040FBF6 /* Sources */,
				A2657BC226404CF10040FBF6 /* Frameworks */,
				A2657BC326404CF10040FBF6 /* Resources */,
				5228A60F39EF020C640F77AF /* [CP] Embed Pods Frameworks */,
			);
			buildRules = (
			);
			dependencies = (
			);
			name = BestCalculator;
			productName = BestCalculator;
			productReference = A2657BC526404CF10040FBF6 /* BestCalculator.app */;
			productType = "com.apple.product-type.application";
		};
		A2657BDD26404CF30040FBF6 /* BestCalculatorTests */ = {
			isa = PBXNativeTarget;
			buildConfigurationList = A2657BF526404CF30040FBF6 /* Build configuration list for PBXNativeTarget "BestCalculatorTests" */;
			buildPhases = (
				978314C3A39B326C579BEA6D /* [CP] Check Pods Manifest.lock */,
				A2657BDA26404CF30040FBF6 /* Sources */,
				A2657BDB26404CF30040FBF6 /* Frameworks */,
				A2657BDC26404CF30040FBF6 /* Resources */,
			);
			buildRules = (
			);
			dependencies = (
				A2657BE026404CF30040FBF6 /* PBXTargetDependency */,
			);
			name = BestCalculatorTests;
			productName = BestCalculatorTests;
			productReference = A2657BDE26404CF30040FBF6 /* BestCalculatorTests.xctest */;
			productType = "com.apple.product-type.bundle.unit-test";
		};
		A2657BE826404CF30040FBF6 /* BestCalculatorUITests */ = {
			isa = PBXNativeTarget;
			buildConfigurationList = A2657BF826404CF30040FBF6 /* Build configuration list for PBXNativeTarget "BestCalculatorUITests" */;
			buildPhases = (
				1CB25B5489190C4BEEFE2569 /* [CP] Check Pods Manifest.lock */,
				A2657BE526404CF30040FBF6 /* Sources */,
				A2657BE626404CF30040FBF6 /* Frameworks */,
				A2657BE726404CF30040FBF6 /* Resources */,
				7232EC8AC26C3F63E0555F40 /* [CP] Embed Pods Frameworks */,
			);
			buildRules = (
			);
			dependencies = (
				A2657BEB26404CF30040FBF6 /* PBXTargetDependency */,
			);
			name = BestCalculatorUITests;
			productName = BestCalculatorUITests;
			productReference = A2657BE926404CF30040FBF6 /* BestCalculatorUITests.xctest */;
			productType = "com.apple.product-type.bundle.ui-testing";
		};
/* End PBXNativeTarget section */

/* Begin PBXProject section */
		A2657BBD26404CF10040FBF6 /* Project object */ = {
			isa = PBXProject;
			attributes = {
				LastSwiftUpdateCheck = 1250;
				LastUpgradeCheck = 1250;
				TargetAttributes = {
					A2657BC426404CF10040FBF6 = {
						CreatedOnToolsVersion = 12.5;
					};
					A2657BDD26404CF30040FBF6 = {
						CreatedOnToolsVersion = 12.5;
						TestTargetID = A2657BC426404CF10040FBF6;
					};
					A2657BE826404CF30040FBF6 = {
						CreatedOnToolsVersion = 12.5;
						TestTargetID = A2657BC426404CF10040FBF6;
					};
				};
			};
			buildConfigurationList = A2657BC026404CF10040FBF6 /* Build configuration list for PBXProject "BestCalculator" */;
			compatibilityVersion = "Xcode 9.3";
			developmentRegion = en;
			hasScannedForEncodings = 0;
			knownRegions = (
				en,
				Base,
			);
			mainGroup = A2657BBC26404CF10040FBF6;
			productRefGroup = A2657BC626404CF10040FBF6 /* Products */;
			projectDirPath = "";
			projectRoot = "";
			targets = (
				A2657BC426404CF10040FBF6 /* BestCalculator */,
				A2657BDD26404CF30040FBF6 /* BestCalculatorTests */,
				A2657BE826404CF30040FBF6 /* BestCalculatorUITests */,
			);
		};
/* End PBXProject section */

/* Begin PBXResourcesBuildPhase section */
		A2657BC326404CF10040FBF6 /* Resources */ = {
			isa = PBXResourcesBuildPhase;
			buildActionMask = 2147483647;
			files = (
				A2657BD826404CF20040FBF6 /* LaunchScreen.storyboard in Resources */,
				A2657BD526404CF20040FBF6 /* Assets.xcassets in Resources */,
			);
			runOnlyForDeploymentPostprocessing = 0;
		};
		A2657BDC26404CF30040FBF6 /* Resources */ = {
			isa = PBXResourcesBuildPhase;
			buildActionMask = 2147483647;
			files = (
			);
			runOnlyForDeploymentPostprocessing = 0;
		};
		A2657BE726404CF30040FBF6 /* Resources */ = {
			isa = PBXResourcesBuildPhase;
			buildActionMask = 2147483647;
			files = (
			);
			runOnlyForDeploymentPostprocessing = 0;
		};
/* End PBXResourcesBuildPhase section */

/* Begin PBXShellScriptBuildPhase section */
		10A826E55A37C85E051831AA /* [CP] Check Pods Manifest.lock */ = {
			isa = PBXShellScriptBuildPhase;
			buildActionMask = 2147483647;
			files = (
			);
			inputFileListPaths = (
			);
			inputPaths = (
				"${PODS_PODFILE_DIR_PATH}/Podfile.lock",
				"${PODS_ROOT}/Manifest.lock",
			);
			name = "[CP] Check Pods Manifest.lock";
			outputFileListPaths = (
			);
			outputPaths = (
				"$(DERIVED_FILE_DIR)/Pods-BestCalculator-checkManifestLockResult.txt",
			);
			runOnlyForDeploymentPostprocessing = 0;
			shellPath = /bin/sh;
			shellScript = "diff \"${PODS_PODFILE_DIR_PATH}/Podfile.lock\" \"${PODS_ROOT}/Manifest.lock\" > /dev/null\nif [ $? != 0 ] ; then\n    # print error to STDERR\n    echo \"error: The sandbox is not in sync with the Podfile.lock. Run 'pod install' or update your CocoaPods installation.\" >&2\n    exit 1\nfi\n# This output is used by Xcode 'outputs' to avoid re-running this script phase.\necho \"SUCCESS\" > \"${SCRIPT_OUTPUT_FILE_0}\"\n";
			showEnvVarsInLog = 0;
		};
		1CB25B5489190C4BEEFE2569 /* [CP] Check Pods Manifest.lock */ = {
			isa = PBXShellScriptBuildPhase;
			buildActionMask = 2147483647;
			files = (
			);
			inputFileListPaths = (
			);
			inputPaths = (
				"${PODS_PODFILE_DIR_PATH}/Podfile.lock",
				"${PODS_ROOT}/Manifest.lock",
			);
			name = "[CP] Check Pods Manifest.lock";
			outputFileListPaths = (
			);
			outputPaths = (
				"$(DERIVED_FILE_DIR)/Pods-BestCalculator-BestCalculatorUITests-checkManifestLockResult.txt",
			);
			runOnlyForDeploymentPostprocessing = 0;
			shellPath = /bin/sh;
			shellScript = "diff \"${PODS_PODFILE_DIR_PATH}/Podfile.lock\" \"${PODS_ROOT}/Manifest.lock\" > /dev/null\nif [ $? != 0 ] ; then\n    # print error to STDERR\n    echo \"error: The sandbox is not in sync with the Podfile.lock. Run 'pod install' or update your CocoaPods installation.\" >&2\n    exit 1\nfi\n# This output is used by Xcode 'outputs' to avoid re-running this script phase.\necho \"SUCCESS\" > \"${SCRIPT_OUTPUT_FILE_0}\"\n";
			showEnvVarsInLog = 0;
		};
		5228A60F39EF020C640F77AF /* [CP] Embed Pods Frameworks */ = {
			isa = PBXShellScriptBuildPhase;
			buildActionMask = 2147483647;
			files = (
			);
			inputFileListPaths = (
				"${PODS_ROOT}/Target Support Files/Pods-BestCalculator/Pods-BestCalculator-frameworks-${CONFIGURATION}-input-files.xcfilelist",
			);
			name = "[CP] Embed Pods Frameworks";
			outputFileListPaths = (
				"${PODS_ROOT}/Target Support Files/Pods-BestCalculator/Pods-BestCalculator-frameworks-${CONFIGURATION}-output-files.xcfilelist",
			);
			runOnlyForDeploymentPostprocessing = 0;
			shellPath = /bin/sh;
			shellScript = "\"${PODS_ROOT}/Target Support Files/Pods-BestCalculator/Pods-BestCalculator-frameworks.sh\"\n";
			showEnvVarsInLog = 0;
		};
		7232EC8AC26C3F63E0555F40 /* [CP] Embed Pods Frameworks */ = {
			isa = PBXShellScriptBuildPhase;
			buildActionMask = 2147483647;
			files = (
			);
			inputFileListPaths = (
				"${PODS_ROOT}/Target Support Files/Pods-BestCalculator-BestCalculatorUITests/Pods-BestCalculator-BestCalculatorUITests-frameworks-${CONFIGURATION}-input-files.xcfilelist",
			);
			name = "[CP] Embed Pods Frameworks";
			outputFileListPaths = (
				"${PODS_ROOT}/Target Support Files/Pods-BestCalculator-BestCalculatorUITests/Pods-BestCalculator-BestCalculatorUITests-frameworks-${CONFIGURATION}-output-files.xcfilelist",
			);
			runOnlyForDeploymentPostprocessing = 0;
			shellPath = /bin/sh;
			shellScript = "\"${PODS_ROOT}/Target Support Files/Pods-BestCalculator-BestCalculatorUITests/Pods-BestCalculator-BestCalculatorUITests-frameworks.sh\"\n";
			showEnvVarsInLog = 0;
		};
		978314C3A39B326C579BEA6D /* [CP] Check Pods Manifest.lock */ = {
			isa = PBXShellScriptBuildPhase;
			buildActionMask = 2147483647;
			files = (
			);
			inputFileListPaths = (
			);
			inputPaths = (
				"${PODS_PODFILE_DIR_PATH}/Podfile.lock",
				"${PODS_ROOT}/Manifest.lock",
			);
			name = "[CP] Check Pods Manifest.lock";
			outputFileListPaths = (
			);
			outputPaths = (
				"$(DERIVED_FILE_DIR)/Pods-BestCalculatorTests-checkManifestLockResult.txt",
			);
			runOnlyForDeploymentPostprocessing = 0;
			shellPath = /bin/sh;
			shellScript = "diff \"${PODS_PODFILE_DIR_PATH}/Podfile.lock\" \"${PODS_ROOT}/Manifest.lock\" > /dev/null\nif [ $? != 0 ] ; then\n    # print error to STDERR\n    echo \"error: The sandbox is not in sync with the Podfile.lock. Run 'pod install' or update your CocoaPods installation.\" >&2\n    exit 1\nfi\n# This output is used by Xcode 'outputs' to avoid re-running this script phase.\necho \"SUCCESS\" > \"${SCRIPT_OUTPUT_FILE_0}\"\n";
			showEnvVarsInLog = 0;
		};
/* End PBXShellScriptBuildPhase section */

/* Begin PBXSourcesBuildPhase section */
		A2657BC126404CF10040FBF6 /* Sources */ = {
			isa = PBXSourcesBuildPhase;
			buildActionMask = 2147483647;
			files = (
				A2657BC926404CF10040FBF6 /* AppDelegate.swift in Sources */,
				A2657C032640B4270040FBF6 /* Extensions.swift in Sources */,
				A2657C072640B5920040FBF6 /* HomeViewModel.swift in Sources */,
				A2657BCB26404CF10040FBF6 /* SceneDelegate.swift in Sources */,
				A2657BD326404CF10040FBF6 /* BestCalculator.xcdatamodeld in Sources */,
				A2657BFF26404D3F0040FBF6 /* HomeView.swift in Sources */,
				A2657BFD26404D360040FBF6 /* HomeViewController.swift in Sources */,
			);
			runOnlyForDeploymentPostprocessing = 0;
		};
		A2657BDA26404CF30040FBF6 /* Sources */ = {
			isa = PBXSourcesBuildPhase;
			buildActionMask = 2147483647;
			files = (
				A2657BE326404CF30040FBF6 /* BestCalculatorTests.swift in Sources */,
			);
			runOnlyForDeploymentPostprocessing = 0;
		};
		A2657BE526404CF30040FBF6 /* Sources */ = {
			isa = PBXSourcesBuildPhase;
			buildActionMask = 2147483647;
			files = (
				A2657BEE26404CF30040FBF6 /* BestCalculatorUITests.swift in Sources */,
			);
			runOnlyForDeploymentPostprocessing = 0;
		};
/* End PBXSourcesBuildPhase section */

/* Begin PBXTargetDependency section */
		A2657BE026404CF30040FBF6 /* PBXTargetDependency */ = {
			isa = PBXTargetDependency;
			target = A2657BC426404CF10040FBF6 /* BestCalculator */;
			targetProxy = A2657BDF26404CF30040FBF6 /* PBXContainerItemProxy */;
		};
		A2657BEB26404CF30040FBF6 /* PBXTargetDependency */ = {
			isa = PBXTargetDependency;
			target = A2657BC426404CF10040FBF6 /* BestCalculator */;
			targetProxy = A2657BEA26404CF30040FBF6 /* PBXContainerItemProxy */;
		};
/* End PBXTargetDependency section */

/* Begin PBXVariantGroup section */
		A2657BD626404CF20040FBF6 /* LaunchScreen.storyboard */ = {
			isa = PBXVariantGroup;
			children = (
				A2657BD726404CF20040FBF6 /* Base */,
			);
			name = LaunchScreen.storyboard;
			sourceTree = "<group>";
		};
/* End PBXVariantGroup section */

/* Begin XCBuildConfiguration section */
		A2657BF026404CF30040FBF6 /* Debug */ = {
			isa = XCBuildConfiguration;
			buildSettings = {
				ALWAYS_SEARCH_USER_PATHS = NO;
				CLANG_ANALYZER_NONNULL = YES;
				CLANG_ANALYZER_NUMBER_OBJECT_CONVERSION = YES_AGGRESSIVE;
				CLANG_CXX_LANGUAGE_STANDARD = "gnu++14";
				CLANG_CXX_LIBRARY = "libc++";
				CLANG_ENABLE_MODULES = YES;
				CLANG_ENABLE_OBJC_ARC = YES;
				CLANG_ENABLE_OBJC_WEAK = YES;
				CLANG_WARN_BLOCK_CAPTURE_AUTORELEASING = YES;
				CLANG_WARN_BOOL_CONVERSION = YES;
				CLANG_WARN_COMMA = YES;
				CLANG_WARN_CONSTANT_CONVERSION = YES;
				CLANG_WARN_DEPRECATED_OBJC_IMPLEMENTATIONS = YES;
				CLANG_WARN_DIRECT_OBJC_ISA_USAGE = YES_ERROR;
				CLANG_WARN_DOCUMENTATION_COMMENTS = YES;
				CLANG_WARN_EMPTY_BODY = YES;
				CLANG_WARN_ENUM_CONVERSION = YES;
				CLANG_WARN_INFINITE_RECURSION = YES;
				CLANG_WARN_INT_CONVERSION = YES;
				CLANG_WARN_NON_LITERAL_NULL_CONVERSION = YES;
				CLANG_WARN_OBJC_IMPLICIT_RETAIN_SELF = YES;
				CLANG_WARN_OBJC_LITERAL_CONVERSION = YES;
				CLANG_WARN_OBJC_ROOT_CLASS = YES_ERROR;
				CLANG_WARN_QUOTED_INCLUDE_IN_FRAMEWORK_HEADER = YES;
				CLANG_WARN_RANGE_LOOP_ANALYSIS = YES;
				CLANG_WARN_STRICT_PROTOTYPES = YES;
				CLANG_WARN_SUSPICIOUS_MOVE = YES;
				CLANG_WARN_UNGUARDED_AVAILABILITY = YES_AGGRESSIVE;
				CLANG_WARN_UNREACHABLE_CODE = YES;
				CLANG_WARN__DUPLICATE_METHOD_MATCH = YES;
				COPY_PHASE_STRIP = NO;
				DEBUG_INFORMATION_FORMAT = dwarf;
				ENABLE_STRICT_OBJC_MSGSEND = YES;
				ENABLE_TESTABILITY = YES;
				GCC_C_LANGUAGE_STANDARD = gnu11;
				GCC_DYNAMIC_NO_PIC = NO;
				GCC_NO_COMMON_BLOCKS = YES;
				GCC_OPTIMIZATION_LEVEL = 0;
				GCC_PREPROCESSOR_DEFINITIONS = (
					"DEBUG=1",
					"$(inherited)",
				);
				GCC_WARN_64_TO_32_BIT_CONVERSION = YES;
				GCC_WARN_ABOUT_RETURN_TYPE = YES_ERROR;
				GCC_WARN_UNDECLARED_SELECTOR = YES;
				GCC_WARN_UNINITIALIZED_AUTOS = YES_AGGRESSIVE;
				GCC_WARN_UNUSED_FUNCTION = YES;
				GCC_WARN_UNUSED_VARIABLE = YES;
				IPHONEOS_DEPLOYMENT_TARGET = 14.5;
				MTL_ENABLE_DEBUG_INFO = INCLUDE_SOURCE;
				MTL_FAST_MATH = YES;
				ONLY_ACTIVE_ARCH = YES;
				SDKROOT = iphoneos;
				SWIFT_ACTIVE_COMPILATION_CONDITIONS = DEBUG;
				SWIFT_OPTIMIZATION_LEVEL = "-Onone";
			};
			name = Debug;
		};
		A2657BF126404CF30040FBF6 /* Release */ = {
			isa = XCBuildConfiguration;
			buildSettings = {
				ALWAYS_SEARCH_USER_PATHS = NO;
				CLANG_ANALYZER_NONNULL = YES;
				CLANG_ANALYZER_NUMBER_OBJECT_CONVERSION = YES_AGGRESSIVE;
				CLANG_CXX_LANGUAGE_STANDARD = "gnu++14";
				CLANG_CXX_LIBRARY = "libc++";
				CLANG_ENABLE_MODULES = YES;
				CLANG_ENABLE_OBJC_ARC = YES;
				CLANG_ENABLE_OBJC_WEAK = YES;
				CLANG_WARN_BLOCK_CAPTURE_AUTORELEASING = YES;
				CLANG_WARN_BOOL_CONVERSION = YES;
				CLANG_WARN_COMMA = YES;
				CLANG_WARN_CONSTANT_CONVERSION = YES;
				CLANG_WARN_DEPRECATED_OBJC_IMPLEMENTATIONS = YES;
				CLANG_WARN_DIRECT_OBJC_ISA_USAGE = YES_ERROR;
				CLANG_WARN_DOCUMENTATION_COMMENTS = YES;
				CLANG_WARN_EMPTY_BODY = YES;
				CLANG_WARN_ENUM_CONVERSION = YES;
				CLANG_WARN_INFINITE_RECURSION = YES;
				CLANG_WARN_INT_CONVERSION = YES;
				CLANG_WARN_NON_LITERAL_NULL_CONVERSION = YES;
				CLANG_WARN_OBJC_IMPLICIT_RETAIN_SELF = YES;
				CLANG_WARN_OBJC_LITERAL_CONVERSION = YES;
				CLANG_WARN_OBJC_ROOT_CLASS = YES_ERROR;
				CLANG_WARN_QUOTED_INCLUDE_IN_FRAMEWORK_HEADER = YES;
				CLANG_WARN_RANGE_LOOP_ANALYSIS = YES;
				CLANG_WARN_STRICT_PROTOTYPES = YES;
				CLANG_WARN_SUSPICIOUS_MOVE = YES;
				CLANG_WARN_UNGUARDED_AVAILABILITY = YES_AGGRESSIVE;
				CLANG_WARN_UNREACHABLE_CODE = YES;
				CLANG_WARN__DUPLICATE_METHOD_MATCH = YES;
				COPY_PHASE_STRIP = NO;
				DEBUG_INFORMATION_FORMAT = "dwarf-with-dsym";
				ENABLE_NS_ASSERTIONS = NO;
				ENABLE_STRICT_OBJC_MSGSEND = YES;
				GCC_C_LANGUAGE_STANDARD = gnu11;
				GCC_NO_COMMON_BLOCKS = YES;
				GCC_WARN_64_TO_32_BIT_CONVERSION = YES;
				GCC_WARN_ABOUT_RETURN_TYPE = YES_ERROR;
				GCC_WARN_UNDECLARED_SELECTOR = YES;
				GCC_WARN_UNINITIALIZED_AUTOS = YES_AGGRESSIVE;
				GCC_WARN_UNUSED_FUNCTION = YES;
				GCC_WARN_UNUSED_VARIABLE = YES;
				IPHONEOS_DEPLOYMENT_TARGET = 14.5;
				MTL_ENABLE_DEBUG_INFO = NO;
				MTL_FAST_MATH = YES;
				SDKROOT = iphoneos;
				SWIFT_COMPILATION_MODE = wholemodule;
				SWIFT_OPTIMIZATION_LEVEL = "-O";
				VALIDATE_PRODUCT = YES;
			};
			name = Release;
		};
		A2657BF326404CF30040FBF6 /* Debug */ = {
			isa = XCBuildConfiguration;
			baseConfigurationReference = D76BE5EDF56C26ABBCD7C0CA /* Pods-BestCalculator.debug.xcconfig */;
			buildSettings = {
				ASSETCATALOG_COMPILER_APPICON_NAME = AppIcon;
				ASSETCATALOG_COMPILER_GLOBAL_ACCENT_COLOR_NAME = AccentColor;
				CODE_SIGN_STYLE = Automatic;
				INFOPLIST_FILE = BestCalculator/Info.plist;
				LD_RUNPATH_SEARCH_PATHS = (
					"$(inherited)",
					"@executable_path/Frameworks",
				);
				PRODUCT_BUNDLE_IDENTIFIER = com.indepth.BestCalculator;
				PRODUCT_NAME = "$(TARGET_NAME)";
				SWIFT_VERSION = 5.0;
				TARGETED_DEVICE_FAMILY = "1,2";
			};
			name = Debug;
		};
		A2657BF426404CF30040FBF6 /* Release */ = {
			isa = XCBuildConfiguration;
			baseConfigurationReference = E7809B847503C6F0C2380264 /* Pods-BestCalculator.release.xcconfig */;
			buildSettings = {
				ASSETCATALOG_COMPILER_APPICON_NAME = AppIcon;
				ASSETCATALOG_COMPILER_GLOBAL_ACCENT_COLOR_NAME = AccentColor;
				CODE_SIGN_STYLE = Automatic;
				INFOPLIST_FILE = BestCalculator/Info.plist;
				LD_RUNPATH_SEARCH_PATHS = (
					"$(inherited)",
					"@executable_path/Frameworks",
				);
				PRODUCT_BUNDLE_IDENTIFIER = com.indepth.BestCalculator;
				PRODUCT_NAME = "$(TARGET_NAME)";
				SWIFT_VERSION = 5.0;
				TARGETED_DEVICE_FAMILY = "1,2";
			};
			name = Release;
		};
		A2657BF626404CF30040FBF6 /* Debug */ = {
			isa = XCBuildConfiguration;
			baseConfigurationReference = EDFF73189F86B88ABC915146 /* Pods-BestCalculatorTests.debug.xcconfig */;
			buildSettings = {
				ALWAYS_EMBED_SWIFT_STANDARD_LIBRARIES = YES;
				BUNDLE_LOADER = "$(TEST_HOST)";
				CODE_SIGN_STYLE = Automatic;
				INFOPLIST_FILE = BestCalculatorTests/Info.plist;
				IPHONEOS_DEPLOYMENT_TARGET = 14.5;
				LD_RUNPATH_SEARCH_PATHS = (
					"$(inherited)",
					"@executable_path/Frameworks",
					"@loader_path/Frameworks",
				);
				PRODUCT_BUNDLE_IDENTIFIER = com.indepth.BestCalculatorTests;
				PRODUCT_NAME = "$(TARGET_NAME)";
				SWIFT_VERSION = 5.0;
				TARGETED_DEVICE_FAMILY = "1,2";
				TEST_HOST = "$(BUILT_PRODUCTS_DIR)/BestCalculator.app/BestCalculator";
			};
			name = Debug;
		};
		A2657BF726404CF30040FBF6 /* Release */ = {
			isa = XCBuildConfiguration;
			baseConfigurationReference = D9EC4A80EFA095601944A38B /* Pods-BestCalculatorTests.release.xcconfig */;
			buildSettings = {
				ALWAYS_EMBED_SWIFT_STANDARD_LIBRARIES = YES;
				BUNDLE_LOADER = "$(TEST_HOST)";
				CODE_SIGN_STYLE = Automatic;
				INFOPLIST_FILE = BestCalculatorTests/Info.plist;
				IPHONEOS_DEPLOYMENT_TARGET = 14.5;
				LD_RUNPATH_SEARCH_PATHS = (
					"$(inherited)",
					"@executable_path/Frameworks",
					"@loader_path/Frameworks",
				);
				PRODUCT_BUNDLE_IDENTIFIER = com.indepth.BestCalculatorTests;
				PRODUCT_NAME = "$(TARGET_NAME)";
				SWIFT_VERSION = 5.0;
				TARGETED_DEVICE_FAMILY = "1,2";
				TEST_HOST = "$(BUILT_PRODUCTS_DIR)/BestCalculator.app/BestCalculator";
			};
			name = Release;
		};
		A2657BF926404CF30040FBF6 /* Debug */ = {
			isa = XCBuildConfiguration;
			baseConfigurationReference = 013851233CBC6CECDAF0750E /* Pods-BestCalculator-BestCalculatorUITests.debug.xcconfig */;
			buildSettings = {
				ALWAYS_EMBED_SWIFT_STANDARD_LIBRARIES = YES;
				CODE_SIGN_STYLE = Automatic;
				INFOPLIST_FILE = BestCalculatorUITests/Info.plist;
				LD_RUNPATH_SEARCH_PATHS = (
					"$(inherited)",
					"@executable_path/Frameworks",
					"@loader_path/Frameworks",
				);
				PRODUCT_BUNDLE_IDENTIFIER = com.indepth.BestCalculatorUITests;
				PRODUCT_NAME = "$(TARGET_NAME)";
				SWIFT_VERSION = 5.0;
				TARGETED_DEVICE_FAMILY = "1,2";
				TEST_TARGET_NAME = BestCalculator;
			};
			name = Debug;
		};
		A2657BFA26404CF30040FBF6 /* Release */ = {
			isa = XCBuildConfiguration;
			baseConfigurationReference = A16F0C2A9AED7A00F275A648 /* Pods-BestCalculator-BestCalculatorUITests.release.xcconfig */;
			buildSettings = {
				ALWAYS_EMBED_SWIFT_STANDARD_LIBRARIES = YES;
				CODE_SIGN_STYLE = Automatic;
				INFOPLIST_FILE = BestCalculatorUITests/Info.plist;
				LD_RUNPATH_SEARCH_PATHS = (
					"$(inherited)",
					"@executable_path/Frameworks",
					"@loader_path/Frameworks",
				);
				PRODUCT_BUNDLE_IDENTIFIER = com.indepth.BestCalculatorUITests;
				PRODUCT_NAME = "$(TARGET_NAME)";
				SWIFT_VERSION = 5.0;
				TARGETED_DEVICE_FAMILY = "1,2";
				TEST_TARGET_NAME = BestCalculator;
			};
			name = Release;
		};
/* End XCBuildConfiguration section */

/* Begin XCConfigurationList section */
		A2657BC026404CF10040FBF6 /* Build configuration list for PBXProject "BestCalculator" */ = {
			isa = XCConfigurationList;
			buildConfigurations = (
				A2657BF026404CF30040FBF6 /* Debug */,
				A2657BF126404CF30040FBF6 /* Release */,
			);
			defaultConfigurationIsVisible = 0;
			defaultConfigurationName = Release;
		};
		A2657BF226404CF30040FBF6 /* Build configuration list for PBXNativeTarget "BestCalculator" */ = {
			isa = XCConfigurationList;
			buildConfigurations = (
				A2657BF326404CF30040FBF6 /* Debug */,
				A2657BF426404CF30040FBF6 /* Release */,
			);
			defaultConfigurationIsVisible = 0;
			defaultConfigurationName = Release;
		};
		A2657BF526404CF30040FBF6 /* Build configuration list for PBXNativeTarget "BestCalculatorTests" */ = {
			isa = XCConfigurationList;
			buildConfigurations = (
				A2657BF626404CF30040FBF6 /* Debug */,
				A2657BF726404CF30040FBF6 /* Release */,
			);
			defaultConfigurationIsVisible = 0;
			defaultConfigurationName = Release;
		};
		A2657BF826404CF30040FBF6 /* Build configuration list for PBXNativeTarget "BestCalculatorUITests" */ = {
			isa = XCConfigurationList;
			buildConfigurations = (
				A2657BF926404CF30040FBF6 /* Debug */,
				A2657BFA26404CF30040FBF6 /* Release */,
			);
			defaultConfigurationIsVisible = 0;
			defaultConfigurationName = Release;
		};
/* End XCConfigurationList section */

/* Begin XCVersionGroup section */
		A2657BD126404CF10040FBF6 /* BestCalculator.xcdatamodeld */ = {
			isa = XCVersionGroup;
			children = (
				A2657BD226404CF10040FBF6 /* BestCalculator.xcdatamodel */,
			);
			currentVersion = A2657BD226404CF10040FBF6 /* BestCalculator.xcdatamodel */;
			path = BestCalculator.xcdatamodeld;
			sourceTree = "<group>";
			versionGroupType = wrapper.xcdatamodel;
		};
/* End XCVersionGroup section */
	};
	rootObject = A2657BBD26404CF10040FBF6 /* Project object */;
}
